
Microsoft Visual Studio Solution File, Format Version 12.00
# Visual Studio 15
VisualStudioVersion = 15.0.28307.329
MinimumVisualStudioVersion = 10.0.40219.1
Project("{FAE04EC0-301F-11D3-BF4B-00C04F79EFBC}") = "EpiCMSHovik", "EpiCMSHovik\EpiCMSHovik.csproj", "{77963CAE-6542-47FE-8D8E-5F47196A47B9}"
EndProject
Global
	GlobalSection(SolutionConfigurationPlatforms) = preSolution
		Debug|Any CPU = Debug|Any CPU
		Release|Any CPU = Release|Any CPU
	EndGlobalSection
	GlobalSection(ProjectConfigurationPlatforms) = postSolution
		{77963CAE-6542-47FE-8D8E-5F47196A47B9}.Debug|Any CPU.ActiveCfg = Debug|Any CPU
		{77963CAE-6542-47FE-8D8E-5F47196A47B9}.Debug|Any CPU.Build.0 = Debug|Any CPU
		{77963CAE-6542-47FE-8D8E-5F47196A47B9}.Release|Any CPU.ActiveCfg = Release|Any CPU
		{77963CAE-6542-47FE-8D8E-5F47196A47B9}.Release|Any CPU.Build.0 = Release|Any CPU
	EndGlobalSection
	GlobalSection(SolutionProperties) = preSolution
		HideSolutionNode = FALSE
	EndGlobalSection
	GlobalSection(ExtensibilityGlobals) = postSolution
		SolutionGuid = {7C97821B-AF55-4A1A-9D31-723567CCD35D}
	EndGlobalSection
EndGlobal
